
Microsoft Visual Studio Solution File, Format Version 12.00
# Visual Studio Version 17
VisualStudioVersion = 17.3.32929.385
MinimumVisualStudioVersion = 10.0.40219.1
Project("{FAE04EC0-301F-11D3-BF4B-00C04F79EFBC}") = "RtsServer", "RtsServer\RtsServer.csproj", "{A94362E1-32E1-4176-B860-1CE1DAB1D6C8}"
EndProject
Global
	GlobalSection(SolutionConfigurationPlatforms) = preSolution
		Debug|Any CPU = Debug|Any CPU
		Release|Any CPU = Release|Any CPU
	EndGlobalSection
	GlobalSection(ProjectConfigurationPlatforms) = postSolution
		{A94362E1-32E1-4176-B860-1CE1DAB1D6C8}.Debug|Any CPU.ActiveCfg = Debug|Any CPU
		{A94362E1-32E1-4176-B860-1CE1DAB1D6C8}.Debug|Any CPU.Build.0 = Debug|Any CPU
		{A94362E1-32E1-4176-B860-1CE1DAB1D6C8}.Release|Any CPU.ActiveCfg = Release|Any CPU
		{A94362E1-32E1-4176-B860-1CE1DAB1D6C8}.Release|Any CPU.Build.0 = Release|Any CPU
	EndGlobalSection
	GlobalSection(SolutionProperties) = preSolution
		HideSolutionNode = FALSE
	EndGlobalSection
	GlobalSection(ExtensibilityGlobals) = postSolution
		SolutionGuid = {EAF74BF2-1572-47E6-9FCD-260B30F112D2}
	EndGlobalSection
EndGlobal
